PODS:
  - AFNetworking (3.2.1):
    - AFNetworking/NSURLSession (= 3.2.1)
    - AFNetworking/Reachability (= 3.2.1)
    - AFNetworking/Security (= 3.2.1)
    - AFNetworking/Serialization (= 3.2.1)
    - AFNetworking/UIKit (= 3.2.1)
  - AFNetworking/NSURLSession (3.2.1):
    - AFNetworking/Reachability
    - AFNetworking/Security
    - AFNetworking/Serialization
  - AFNetworking/Reachability (3.2.1)
  - AFNetworking/Security (3.2.1)
  - AFNetworking/Serialization (3.2.1)
  - AFNetworking/UIKit (3.2.1):
    - AFNetworking/NSURLSession
  - Bolts/Tasks (1.9.0)
  - DateTools (2.0.0)
  - GoogleMaps (3.2.0):
    - GoogleMaps/Maps (= 3.2.0)
  - GoogleMaps/Base (3.2.0)
  - GoogleMaps/Maps (3.2.0):
    - GoogleMaps/Base
  - Parse (1.17.2):
    - Parse/Core (= 1.17.2)
  - Parse/Core (1.17.2):
    - Bolts/Tasks (~> 1.9)
  - Parse/UI (1.17.2):
    - Parse/Core
  - PubNub (4.8.11):
    - PubNub/Core (= 4.8.11)
  - PubNub/Core (4.8.11)
  - SendBirdSDK (3.0.146)

DEPENDENCIES:
  - AFNetworking
  - DateTools
  - GoogleMaps
  - Parse
  - Parse/UI
  - PubNub (~> 4)
  - SendBirdSDK

SPEC REPOS:
  https://github.com/cocoapods/specs.git:
    - AFNetworking
    - Bolts
    - DateTools
    - GoogleMaps
    - Parse
    - PubNub
    - SendBirdSDK

SPEC CHECKSUMS:
  AFNetworking: b6f891fdfaed196b46c7a83cf209e09697b94057
  Bolts: ac6567323eac61e203f6a9763667d0f711be34c8
  DateTools: 933ac9c490f21f92127cf690ccd8c397e0126caf
  GoogleMaps: 5046d7edfe381c1a0b20fdaf293915a375c3122b
  Parse: 3b31a3dd1777b07ee7f0caee32fafbff544483a5
  PubNub: 0e00678cf094c4e5e3849f14dd3139bc569cc1e9
  SendBirdSDK: 1a28092e753b8181f81f42fe96337d8d15e30dc9

PODFILE CHECKSUM: 7f8225d31b0a441a8edfb56efde752921d58598d

COCOAPODS: 1.7.2
